github.com/davecgh/go-spew v1.1.1/go.mod h1:J7Y8YcW2NihsgmVo/mv3lAwl/skON4iLHjSsI+c5H38=
github.com/mohae/deepcopy v0.0.0-20170929034955-c48cc78d4826 h1:RWengNIwukTxcDr9M+97sNutRR1RKhG96O6jWumTTnw=
github.com/mohae/deepcopy v0.0.0-20170929034955-c48cc78d4826/go.mod h1:TaXosZuwdSHYgviHp1DAtfrULt5eUgsSMsZf+YrPgl8=
github.com/mxmCherry/vkapi v0.0.0-20171017194727-7c4c51f1be5d/go.mod h1:2UMQCmP+npvYhIlGZmHr/eDtfF0fV9yd5nBXsJ8RAVI=
github.com/namsral/flag v1.7.4-pre/go.mod h1:OXldTctbM6SWH1K899kPZcf65KxJiD7MsceFUpB5yDo=
github.com/oklog/ulid v1.3.1 h1:EGfNDEx6MqHz8B3uNV6QAib1UR2Lm97sHi3ocA6ESJ4=
github.com/oklog/ulid v1.3.1/go.mod h1:CirwcVhetQ6Lv90oh/F+FBtV6XMibvdAFo93nm5qn4U=
github.com/plandem/ooxml v0.0.0-20180812015650-94e08e588502 h1:b9lNcPnSEEovxsgMWDiTeYBznpWZ963FEccarcqh/z8=
github.com/plandem/ooxml v0.0.0-20180812015650-94e08e588502/go.mod h1:qzPBQJstacP/n9pc4+n0PtfUww7dQ6/YR6PNeLGv+E0=
github.com/plandem/xlsx v0.0.0-20190116182914-32c586e821de h1:+6B2zL2SrkaC9Q0vespEkBq7csr3qSQwJK0Ym18gY+w=
github.com/plandem/xlsx v0.0.0-20190116182914-32c586e821de/go.mod h1:y4db7INydQ46EpxfaRl/8JCbxboU3vj/4W5fFO0dq90=
github.com/pmezard/go-difflib v1.0.0/go.mod h1:iKH77koFhYxTK1pcRnkKkqfTogsbg7gZNVY4sRDYZ/4=
github.com/stretchr/testify v1.2.3-0.20181224173747-660f15d67dbb/go.mod h1:a8OnRcib4nhh0OaRAV+Yts87kKdq0PP7pXfy6kDkUVs=
